
Microsoft Visual Studio Solution File, Format Version 12.00
Project("{FAE04EC0-301F-11D3-BF4B-00C04F79EFBC}") = "Palindromes", "Palindromes.csproj", "{FF925FD0-24AA-4A98-9FCE-03B4A836846F}"
EndProject
Global
	GlobalSection(SolutionConfigurationPlatforms) = preSolution
		Debug|Any CPU = Debug|Any CPU
		Release|Any CPU = Release|Any CPU
	EndGlobalSection
	GlobalSection(ProjectConfigurationPlatforms) = postSolution
		{FF925FD0-24AA-4A98-9FCE-03B4A836846F}.Debug|Any CPU.ActiveCfg = Debug|Any CPU
		{FF925FD0-24AA-4A98-9FCE-03B4A836846F}.Debug|Any CPU.Build.0 = Debug|Any CPU
		{FF925FD0-24AA-4A98-9FCE-03B4A836846F}.Release|Any CPU.ActiveCfg = Release|Any CPU
		{FF925FD0-24AA-4A98-9FCE-03B4A836846F}.Release|Any CPU.Build.0 = Release|Any CPU
	EndGlobalSection
EndGlobal
